<Solution>
  <Folder Name="/Solution Items/">
    <File Path=".editorconfig" />
    <File Path="Directory.Build.props" />
    <File Path="Directory.Build.targets" />
    <File Path="Directory.Packages.props" />
    <File Path="global.json" />
    <File Path="nuget.config" />
    <File Path="tests/Isotone.runsettings" />
  </Folder>
  <Folder Name="/Gesso/">
    <Project Path="src/Gesso/src/Gesso.Core/Gesso.Core.csproj" />
    <Project Path="src/Gesso/src/Gesso.FileFormats/Gesso.FileFormats.csproj" />
    <Project Path="src/Gesso/src/Gesso.Plugins.Abstractions/Gesso.Plugins.Abstractions.csproj" />
    <Project Path="src/Gesso/src/Gesso.Rendering/Gesso.Rendering.csproj" />
    <Project Path="src/Gesso/src/Gesso.Scripting/Gesso.Scripting.csproj" />
    <Project Path="src/Gesso/src/Gesso.UI/Gesso.UI.csproj" />
  </Folder>
  <Folder Name="/Gesso/tests/">
    <Project Path="src/Gesso/tests/Gesso.Core.Tests/Gesso.Core.Tests.csproj" />
    <Project Path="src/Gesso/tests/Gesso.Rendering.Tests/Gesso.Rendering.Tests.csproj" />
  </Folder>
  <Folder Name="/Stilus/">
    <Project Path="src/Stilus/Bezier.Core/Bezier.Core.csproj" />
    <Project Path="src/Stilus/Bezier.Desktop/Bezier.Desktop.csproj" />
  </Folder>
  <Folder Name="/Stilus/tests/">
    <Project Path="src/Stilus/Bezier.Tests/Bezier.Tests.csproj" />
  </Folder>
</Solution>
