
Microsoft Visual Studio Solution File, Format Version 12.00
# Visual Studio Version 17
VisualStudioVersion = 17.0.31903.59
MinimumVisualStudioVersion = 10.0.40219.1
Project("{FAE04EC0-301F-11D3-BF4B-00C04F79EFBC}") = "Bezier.Desktop", "Bezier.Desktop\Bezier.Desktop.csproj", "{408C8ADC-27AB-414C-9EC2-2023C4C83B0C}"
EndProject
Project("{FAE04EC0-301F-11D3-BF4B-00C04F79EFBC}") = "Bezier.Core", "Bezier.Core\Bezier.Core.csproj", "{96E5B50A-98B2-41C6-86E1-59F4F2317691}"
EndProject
Project("{FAE04EC0-301F-11D3-BF4B-00C04F79EFBC}") = "Bezier.Tests", "Bezier.Tests\Bezier.Tests.csproj", "{AB5ADC36-9AC8-42F8-A0DA-08577A31E7EB}"
EndProject
Global
	GlobalSection(SolutionConfigurationPlatforms) = preSolution
		Debug|Any CPU = Debug|Any CPU
		Debug|x64 = Debug|x64
		Debug|x86 = Debug|x86
		Release|Any CPU = Release|Any CPU
		Release|x64 = Release|x64
		Release|x86 = Release|x86
	EndGlobalSection
	GlobalSection(ProjectConfigurationPlatforms) = postSolution
		{408C8ADC-27AB-414C-9EC2-2023C4C83B0C}.Debug|Any CPU.ActiveCfg = Debug|Any CPU
		{408C8ADC-27AB-414C-9EC2-2023C4C83B0C}.Debug|Any CPU.Build.0 = Debug|Any CPU
		{408C8ADC-27AB-414C-9EC2-2023C4C83B0C}.Debug|x64.ActiveCfg = Debug|Any CPU
		{408C8ADC-27AB-414C-9EC2-2023C4C83B0C}.Debug|x64.Build.0 = Debug|Any CPU
		{408C8ADC-27AB-414C-9EC2-2023C4C83B0C}.Debug|x86.ActiveCfg = Debug|Any CPU
		{408C8ADC-27AB-414C-9EC2-2023C4C83B0C}.Debug|x86.Build.0 = Debug|Any CPU
		{408C8ADC-27AB-414C-9EC2-2023C4C83B0C}.Release|Any CPU.ActiveCfg = Release|Any CPU
		{408C8ADC-27AB-414C-9EC2-2023C4C83B0C}.Release|Any CPU.Build.0 = Release|Any CPU
		{408C8ADC-27AB-414C-9EC2-2023C4C83B0C}.Release|x64.ActiveCfg = Release|Any CPU
		{408C8ADC-27AB-414C-9EC2-2023C4C83B0C}.Release|x64.Build.0 = Release|Any CPU
		{408C8ADC-27AB-414C-9EC2-2023C4C83B0C}.Release|x86.ActiveCfg = Release|Any CPU
		{408C8ADC-27AB-414C-9EC2-2023C4C83B0C}.Release|x86.Build.0 = Release|Any CPU
		{96E5B50A-98B2-41C6-86E1-59F4F2317691}.Debug|Any CPU.ActiveCfg = Debug|Any CPU
		{96E5B50A-98B2-41C6-86E1-59F4F2317691}.Debug|Any CPU.Build.0 = Debug|Any CPU
		{96E5B50A-98B2-41C6-86E1-59F4F2317691}.Debug|x64.ActiveCfg = Debug|Any CPU
		{96E5B50A-98B2-41C6-86E1-59F4F2317691}.Debug|x64.Build.0 = Debug|Any CPU
		{96E5B50A-98B2-41C6-86E1-59F4F2317691}.Debug|x86.ActiveCfg = Debug|Any CPU
		{96E5B50A-98B2-41C6-86E1-59F4F2317691}.Debug|x86.Build.0 = Debug|Any CPU
		{96E5B50A-98B2-41C6-86E1-59F4F2317691}.Release|Any CPU.ActiveCfg = Release|Any CPU
		{96E5B50A-98B2-41C6-86E1-59F4F2317691}.Release|Any CPU.Build.0 = Release|Any CPU
		{96E5B50A-98B2-41C6-86E1-59F4F2317691}.Release|x64.ActiveCfg = Release|Any CPU
		{96E5B50A-98B2-41C6-86E1-59F4F2317691}.Release|x64.Build.0 = Release|Any CPU
		{96E5B50A-98B2-41C6-86E1-59F4F2317691}.Release|x86.ActiveCfg = Release|Any CPU
		{96E5B50A-98B2-41C6-86E1-59F4F2317691}.Release|x86.Build.0 = Release|Any CPU
		{AB5ADC36-9AC8-42F8-A0DA-08577A31E7EB}.Debug|Any CPU.ActiveCfg = Debug|Any CPU
		{AB5ADC36-9AC8-42F8-A0DA-08577A31E7EB}.Debug|Any CPU.Build.0 = Debug|Any CPU
		{AB5ADC36-9AC8-42F8-A0DA-08577A31E7EB}.Debug|x64.ActiveCfg = Debug|Any CPU
		{AB5ADC36-9AC8-42F8-A0DA-08577A31E7EB}.Debug|x64.Build.0 = Debug|Any CPU
		{AB5ADC36-9AC8-42F8-A0DA-08577A31E7EB}.Debug|x86.ActiveCfg = Debug|Any CPU
		{AB5ADC36-9AC8-42F8-A0DA-08577A31E7EB}.Debug|x86.Build.0 = Debug|Any CPU
		{AB5ADC36-9AC8-42F8-A0DA-08577A31E7EB}.Release|Any CPU.ActiveCfg = Release|Any CPU
		{AB5ADC36-9AC8-42F8-A0DA-08577A31E7EB}.Release|Any CPU.Build.0 = Release|Any CPU
		{AB5ADC36-9AC8-42F8-A0DA-08577A31E7EB}.Release|x64.ActiveCfg = Release|Any CPU
		{AB5ADC36-9AC8-42F8-A0DA-08577A31E7EB}.Release|x64.Build.0 = Release|Any CPU
		{AB5ADC36-9AC8-42F8-A0DA-08577A31E7EB}.Release|x86.ActiveCfg = Release|Any CPU
		{AB5ADC36-9AC8-42F8-A0DA-08577A31E7EB}.Release|x86.Build.0 = Release|Any CPU
	EndGlobalSection
	GlobalSection(SolutionProperties) = preSolution
		HideSolutionNode = FALSE
	EndGlobalSection
EndGlobal
